
Microsoft Visual Studio Solution File, Format Version 12.00
# Visual Studio 15
VisualStudioVersion = 15.0.27428.2005
MinimumVisualStudioVersion = 10.0.40219.1
Project("{FAE04EC0-301F-11D3-BF4B-00C04F79EFBC}") = "SudokuCracker", "WindowsFormsApp1\SudokuCracker.csproj", "{DE67E1F7-9158-40C6-8815-B3E031A624FA}"
EndProject
Global
	GlobalSection(SolutionConfigurationPlatforms) = preSolution
		Debug|Any CPU = Debug|Any CPU
		Release|Any CPU = Release|Any CPU
	EndGlobalSection
	GlobalSection(ProjectConfigurationPlatforms) = postSolution
		{DE67E1F7-9158-40C6-8815-B3E031A624FA}.Debug|Any CPU.ActiveCfg = Debug|Any CPU
		{DE67E1F7-9158-40C6-8815-B3E031A624FA}.Debug|Any CPU.Build.0 = Debug|Any CPU
		{DE67E1F7-9158-40C6-8815-B3E031A624FA}.Release|Any CPU.ActiveCfg = Release|Any CPU
		{DE67E1F7-9158-40C6-8815-B3E031A624FA}.Release|Any CPU.Build.0 = Release|Any CPU
	EndGlobalSection
	GlobalSection(SolutionProperties) = preSolution
		HideSolutionNode = FALSE
	EndGlobalSection
	GlobalSection(ExtensibilityGlobals) = postSolution
		SolutionGuid = {ADD2204B-B868-4C0B-8E58-57FA7A356629}
	EndGlobalSection
EndGlobal
